
Microsoft Visual Studio Solution File, Format Version 12.00
# Visual Studio Version 17
VisualStudioVersion = 17.10.34928.147
MinimumVisualStudioVersion = 10.0.40219.1
Project("{FAE04EC0-301F-11D3-BF4B-00C04F79EFBC}") = "ConcertoReservoApi", "ConcertoReservoApi\ConcertoReservoApi.csproj", "{D97D15B3-9F31-4E0F-913C-B7630E0CD5B9}"
EndProject
Global
	GlobalSection(SolutionConfigurationPlatforms) = preSolution
		Debug|Any CPU = Debug|Any CPU
		Release|Any CPU = Release|Any CPU
	EndGlobalSection
	GlobalSection(ProjectConfigurationPlatforms) = postSolution
		{D97D15B3-9F31-4E0F-913C-B7630E0CD5B9}.Debug|Any CPU.ActiveCfg = Debug|Any CPU
		{D97D15B3-9F31-4E0F-913C-B7630E0CD5B9}.Debug|Any CPU.Build.0 = Debug|Any CPU
		{D97D15B3-9F31-4E0F-913C-B7630E0CD5B9}.Release|Any CPU.ActiveCfg = Release|Any CPU
		{D97D15B3-9F31-4E0F-913C-B7630E0CD5B9}.Release|Any CPU.Build.0 = Release|Any CPU
	EndGlobalSection
	GlobalSection(SolutionProperties) = preSolution
		HideSolutionNode = FALSE
	EndGlobalSection
	GlobalSection(ExtensibilityGlobals) = postSolution
		SolutionGuid = {A3F13D43-4FF3-45BA-9B10-60542A10CCA3}
	EndGlobalSection
EndGlobal
